// !$*UTF8*$!
{
	archiveVersion = 1;
	classes = {
	};
	objectVersion = 46;
	objects = {

/* Begin PBXBuildFile section */
		2F0CD61D1C6200790045742B /* Screen Shot .png in Resources */ = {isa = PBXBuildFile; fileRef = 2F0CD61C1C6200790045742B /* Screen Shot .png */; };
		2F265FA31C61C917001219D9 /* AppDelegate.m in Sources */ = {isa = PBXBuildFile; fileRef = 2F265FA21C61C917001219D9 /* AppDelegate.m */; };
		2F265FA61C61C917001219D9 /* main.m in Sources */ = {isa = PBXBuildFile; fileRef = 2F265FA51C61C917001219D9 /* main.m */; };
		2F265FA81C61C917001219D9 /* Assets.xcassets in Resources */ = {isa = PBXBuildFile; fileRef = 2F265FA71C61C917001219D9 /* Assets.xcassets */; };
		2F265FAB1C61C917001219D9 /* MainMenu.xib in Resources */ = {isa = PBXBuildFile; fileRef = 2F265FA91C61C917001219D9 /* MainMenu.xib */; };
		2F265FB41C61C929001219D9 /* BRAlertPopoverController.m in Sources */ = {isa = PBXBuildFile; fileRef = 2F265FB31C61C929001219D9 /* BRAlertPopoverController.m */; };
/* End PBXBuildFile section */

/* Begin PBXFileReference section */
		2F0CD61C1C6200790045742B /* Screen Shot .png */ = {isa = PBXFileReference; lastKnownFileType = image.png; path = "Screen Shot .png"; sourceTree = "<group>"; };
		2F265F9E1C61C917001219D9 /* BRAlertPopoverController.app */ = {isa = PBXFileReference; explicitFileType = wrapper.application; includeInIndex = 0; path = BRAlertPopoverController.app; sourceTree = BUILT_PRODUCTS_DIR; };
		2F265FA11C61C917001219D9 /* AppDelegate.h */ = {isa = PBXFileReference; lastKnownFileType = sourcecode.c.h; path = AppDelegate.h; sourceTree = "<group>"; };
		2F265FA21C61C917001219D9 /* AppDelegate.m */ = {isa = PBXFileReference; lastKnownFileType = sourcecode.c.objc; path = AppDelegate.m; sourceTree = "<group>"; };
		2F265FA51C61C917001219D9 /* main.m */ = {isa = PBXFileReference; lastKnownFileType = sourcecode.c.objc; path = main.m; sourceTree = "<group>"; };
		2F265FA71C61C917001219D9 /* Assets.xcassets */ = {isa = PBXFileReference; lastKnownFileType = folder.assetcatalog; path = Assets.xcassets; sourceTree = "<group>"; };
		2F265FAA1C61C917001219D9 /* Base */ = {isa = PBXFileReference; lastKnownFileType = file.xib; name = Base; path = Base.lproj/MainMenu.xib; sourceTree = "<group>"; };
		2F265FAC1C61C917001219D9 /* Info.plist */ = {isa = PBXFileReference; lastKnownFileType = text.plist.xml; path = Info.plist; sourceTree = "<group>"; };
		2F265FB21C61C929001219D9 /* BRAlertPopoverController.h */ = {isa = PBXFileReference; fileEncoding = 4; lastKnownFileType = sourcecode.c.h; path = BRAlertPopoverController.h; sourceTree = "<group>"; };
		2F265FB31C61C929001219D9 /* BRAlertPopoverController.m */ = {isa = PBXFileReference; fileEncoding = 4; lastKnownFileType = sourcecode.c.objc; path = BRAlertPopoverController.m; sourceTree = "<group>"; };
/* End PBXFileReference section */

/* Begin PBXFrameworksBuildPhase section */
		2F265F9B1C61C917001219D9 /* Frameworks */ = {
			isa = PBXFrameworksBuildPhase;
			buildActionMask = 2147483647;
			files = (
			);
			runOnlyForDeploymentPostprocessing = 0;
		};
/* End PBXFrameworksBuildPhase section */

/* Begin PBXGroup section */
		2F265F951C61C917001219D9 = {
			isa = PBXGroup;
			children = (
				2F265FA01C61C917001219D9 /* BRAlertPopoverController */,
				2F265F9F1C61C917001219D9 /* Products */,
			);
			sourceTree = "<group>";
		};
		2F265F9F1C61C917001219D9 /* Products */ = {
			isa = PBXGroup;
			children = (
				2F265F9E1C61C917001219D9 /* BRAlertPopoverController.app */,
			);
			name = Products;
			sourceTree = "<group>";
		};
		2F265FA01C61C917001219D9 /* BRAlertPopoverController */ = {
			isa = PBXGroup;
			children = (
				2F265FB61C61C987001219D9 /* BRAlertPopoverController */,
				2F265FA11C61C917001219D9 /* AppDelegate.h */,
				2F265FA21C61C917001219D9 /* AppDelegate.m */,
				2F265FA71C61C917001219D9 /* Assets.xcassets */,
				2F265FA91C61C917001219D9 /* MainMenu.xib */,
				2F265FAC1C61C917001219D9 /* Info.plist */,
				2F0CD61C1C6200790045742B /* Screen Shot .png */,
				2F265FA41C61C917001219D9 /* Supporting Files */,
			);
			path = BRAlertPopoverController;
			sourceTree = "<group>";
		};
		2F265FA41C61C917001219D9 /* Supporting Files */ = {
			isa = PBXGroup;
			children = (
				2F265FA51C61C917001219D9 /* main.m */,
			);
			name = "Supporting Files";
			sourceTree = "<group>";
		};
		2F265FB61C61C987001219D9 /* BRAlertPopoverController */ = {
			isa = PBXGroup;
			children = (
				2F265FB21C61C929001219D9 /* BRAlertPopoverController.h */,
				2F265FB31C61C929001219D9 /* BRAlertPopoverController.m */,
			);
			name = BRAlertPopoverController;
			sourceTree = "<group>";
		};
/* End PBXGroup section */

/* Begin PBXNativeTarget section */
		2F265F9D1C61C917001219D9 /* BRAlertPopoverController */ = {
			isa = PBXNativeTarget;
			buildConfigurationList = 2F265FAF1C61C917001219D9 /* Build configuration list for PBXNativeTarget "BRAlertPopoverController" */;
			buildPhases = (
				2F265F9A1C61C917001219D9 /* Sources */,
				2F265F9B1C61C917001219D9 /* Frameworks */,
				2F265F9C1C61C917001219D9 /* Resources */,
			);
			buildRules = (
			);
			dependencies = (
			);
			name = BRAlertPopoverController;
			productName = BRAlertPopoverController;
			productReference = 2F265F9E1C61C917001219D9 /* BRAlertPopoverController.app */;
			productType = "com.apple.product-type.application";
		};
/* End PBXNativeTarget section */

/* Begin PBXProject section */
		2F265F961C61C917001219D9 /* Project object */ = {
			isa = PBXProject;
			attributes = {
				LastUpgradeCheck = 0710;
				ORGANIZATIONNAME = sgyang;
				TargetAttributes = {
					2F265F9D1C61C917001219D9 = {
						CreatedOnToolsVersion = 7.1.1;
					};
				};
			};
			buildConfigurationList = 2F265F991C61C917001219D9 /* Build configuration list for PBXProject "BRAlertPopoverController" */;
			compatibilityVersion = "Xcode 3.2";
			developmentRegion = English;
			hasScannedForEncodings = 0;
			knownRegions = (
				en,
				Base,
			);
			mainGroup = 2F265F951C61C917001219D9;
			productRefGroup = 2F265F9F1C61C917001219D9 /* Products */;
			projectDirPath = "";
			projectRoot = "";
			targets = (
				2F265F9D1C61C917001219D9 /* BRAlertPopoverController */,
			);
		};
/* End PBXProject section */

/* Begin PBXResourcesBuildPhase section */
		2F265F9C1C61C917001219D9 /* Resources */ = {
			isa = PBXResourcesBuildPhase;
			buildActionMask = 2147483647;
			files = (
				2F265FA81C61C917001219D9 /* Assets.xcassets in Resources */,
				2F0CD61D1C6200790045742B /* Screen Shot .png in Resources */,
				2F265FAB1C61C917001219D9 /* MainMenu.xib in Resources */,
			);
			runOnlyForDeploymentPostprocessing = 0;
		};
/* End PBXResourcesBuildPhase section */

/* Begin PBXSourcesBuildPhase section */
		2F265F9A1C61C917001219D9 /* Sources */ = {
			isa = PBXSourcesBuildPhase;
			buildActionMask = 2147483647;
			files = (
				2F265FA61C61C917001219D9 /* main.m in Sources */,
				2F265FA31C61C917001219D9 /* AppDelegate.m in Sources */,
				2F265FB41C61C929001219D9 /* BRAlertPopoverController.m in Sources */,
			);
			runOnlyForDeploymentPostprocessing = 0;
		};
/* End PBXSourcesBuildPhase section */

/* Begin PBXVariantGroup section */
		2F265FA91C61C917001219D9 /* MainMenu.xib */ = {
			isa = PBXVariantGroup;
			children = (
				2F265FAA1C61C917001219D9 /* Base */,
			);
			name = MainMenu.xib;
			sourceTree = "<group>";
		};
/* End PBXVariantGroup section */

/* Begin XCBuildConfiguration section */
		2F265FAD1C61C917001219D9 /* Debug */ = {
			isa = XCBuildConfiguration;
			buildSettings = {
				ALWAYS_SEARCH_USER_PATHS = NO;
				CLANG_CXX_LANGUAGE_STANDARD = "gnu++0x";
				CLANG_CXX_LIBRARY = "libc++";
				CLANG_ENABLE_MODULES = YES;
				CLANG_ENABLE_OBJC_ARC = YES;
				CLANG_WARN_BOOL_CONVERSION = YES;
				CLANG_WARN_CONSTANT_CONVERSION = YES;
				CLANG_WARN_DIRECT_OBJC_ISA_USAGE = YES_ERROR;
				CLANG_WARN_EMPTY_BODY = YES;
				CLANG_WARN_ENUM_CONVERSION = YES;
				CLANG_WARN_INT_CONVERSION = YES;
				CLANG_WARN_OBJC_ROOT_CLASS = YES_ERROR;
				CLANG_WARN_UNREACHABLE_CODE = YES;
				CLANG_WARN__DUPLICATE_METHOD_MATCH = YES;
				CODE_SIGN_IDENTITY = "-";
				COPY_PHASE_STRIP = NO;
				DEBUG_INFORMATION_FORMAT = dwarf;
				ENABLE_STRICT_OBJC_MSGSEND = YES;
				ENABLE_TESTABILITY = YES;
				GCC_C_LANGUAGE_STANDARD = gnu99;
				GCC_DYNAMIC_NO_PIC = NO;
				GCC_NO_COMMON_BLOCKS = YES;
				GCC_OPTIMIZATION_LEVEL = 0;
				GCC_PREPROCESSOR_DEFINITIONS = (
					"DEBUG=1",
					"$(inherited)",
				);
				GCC_WARN_64_TO_32_BIT_CONVERSION = YES;
				GCC_WARN_ABOUT_RETURN_TYPE = YES_ERROR;
				GCC_WARN_UNDECLARED_SELECTOR = YES;
				GCC_WARN_UNINITIALIZED_AUTOS = YES_AGGRESSIVE;
				GCC_WARN_UNUSED_FUNCTION = YES;
				GCC_WARN_UNUSED_VARIABLE = YES;
				MACOSX_DEPLOYMENT_TARGET = 10.11;
				MTL_ENABLE_DEBUG_INFO = YES;
				ONLY_ACTIVE_ARCH = YES;
				SDKROOT = macosx;
			};
			name = Debug;
		};
		2F265FAE1C61C917001219D9 /* Release */ = {
			isa = XCBuildConfiguration;
			buildSettings = {
				ALWAYS_SEARCH_USER_PATHS = NO;
				CLANG_CXX_LANGUAGE_STANDARD = "gnu++0x";
				CLANG_CXX_LIBRARY = "libc++";
				CLANG_ENABLE_MODULES = YES;
				CLANG_ENABLE_OBJC_ARC = YES;
				CLANG_WARN_BOOL_CONVERSION = YES;
				CLANG_WARN_CONSTANT_CONVERSION = YES;
				CLANG_WARN_DIRECT_OBJC_ISA_USAGE = YES_ERROR;
				CLANG_WARN_EMPTY_BODY = YES;
				CLANG_WARN_ENUM_CONVERSION = YES;
				CLANG_WARN_INT_CONVERSION = YES;
				CLANG_WARN_OBJC_ROOT_CLASS = YES_ERROR;
				CLANG_WARN_UNREACHABLE_CODE = YES;
				CLANG_WARN__DUPLICATE_METHOD_MATCH = YES;
				CODE_SIGN_IDENTITY = "-";
				COPY_PHASE_STRIP = NO;
				DEBUG_INFORMATION_FORMAT = "dwarf-with-dsym";
				ENABLE_NS_ASSERTIONS = NO;
				ENABLE_STRICT_OBJC_MSGSEND = YES;
				GCC_C_LANGUAGE_STANDARD = gnu99;
				GCC_NO_COMMON_BLOCKS = YES;
				GCC_WARN_64_TO_32_BIT_CONVERSION = YES;
				GCC_WARN_ABOUT_RETURN_TYPE = YES_ERROR;
				GCC_WARN_UNDECLARED_SELECTOR = YES;
				GCC_WARN_UNINITIALIZED_AUTOS = YES_AGGRESSIVE;
				GCC_WARN_UNUSED_FUNCTION = YES;
				GCC_WARN_UNUSED_VARIABLE = YES;
				MACOSX_DEPLOYMENT_TARGET = 10.11;
				MTL_ENABLE_DEBUG_INFO = NO;
				SDKROOT = macosx;
			};
			name = Release;
		};
		2F265FB01C61C917001219D9 /* Debug */ = {
			isa = XCBuildConfiguration;
			buildSettings = {
				ASSETCATALOG_COMPILER_APPICON_NAME = AppIcon;
				COMBINE_HIDPI_IMAGES = YES;
				INFOPLIST_FILE = BRAlertPopoverController/Info.plist;
				LD_RUNPATH_SEARCH_PATHS = "$(inherited) @executable_path/../Frameworks";
				PRODUCT_BUNDLE_IDENTIFIER = com.sgyang.BRAlertPopoverController;
				PRODUCT_NAME = "$(TARGET_NAME)";
			};
			name = Debug;
		};
		2F265FB11C61C917001219D9 /* Release */ = {
			isa = XCBuildConfiguration;
			buildSettings = {
				ASSETCATALOG_COMPILER_APPICON_NAME = AppIcon;
				COMBINE_HIDPI_IMAGES = YES;
				INFOPLIST_FILE = BRAlertPopoverController/Info.plist;
				LD_RUNPATH_SEARCH_PATHS = "$(inherited) @executable_path/../Frameworks";
				PRODUCT_BUNDLE_IDENTIFIER = com.sgyang.BRAlertPopoverController;
				PRODUCT_NAME = "$(TARGET_NAME)";
			};
			name = Release;
		};
/* End XCBuildConfiguration section */

/* Begin XCConfigurationList section */
		2F265F991C61C917001219D9 /* Build configuration list for PBXProject "BRAlertPopoverController" */ = {
			isa = XCConfigurationList;
			buildConfigurations = (
				2F265FAD1C61C917001219D9 /* Debug */,
				2F265FAE1C61C917001219D9 /* Release */,
			);
			defaultConfigurationIsVisible = 0;
			defaultConfigurationName = Release;
		};
		2F265FAF1C61C917001219D9 /* Build configuration list for PBXNativeTarget "BRAlertPopoverController" */ = {
			isa = XCConfigurationList;
			buildConfigurations = (
				2F265FB01C61C917001219D9 /* Debug */,
				2F265FB11C61C917001219D9 /* Release */,
			);
			defaultConfigurationIsVisible = 0;
			defaultConfigurationName = Release;
		};
/* End XCConfigurationList section */
	};
	rootObject = 2F265F961C61C917001219D9 /* Project object */;
}
